<Solution>
  <Folder Name="/src/">
    <Project Path="src/PlatformService.Net10/PlatformService.Net10.csproj" />
    <Project Path="src/PlatformService.Net9/PlatformService.Net9.csproj" />
  </Folder>
  <Folder Name="/tests/">
    <Project Path="tests/PlatformService.Net10.Tests/PlatformService.Net10.Tests.csproj" />
    <Project Path="tests/PlatformService.Net9.Tests/PlatformService.Net9.Tests.csproj" />
  </Folder>
</Solution>
